{
  "version": 4,
  "terraform_version": "0.12.9",
  "serial": 15,
  "lineage": "b8fa3989-4ba2-40d6-9ff0-6ea942e6089c",
  "outputs": {},
  "resources": [
    {
      "mode": "managed",
      "type": "azurerm_app_service",
      "name": "citadel",
      "provider": "provider.azurerm",
      "instances": [
        {
          "schema_version": 0,
          "attributes": {
            "app_service_plan_id": "/subscriptions/bb1fc0b9-b4b7-4dba-a8db-d8b6e3e439d7/resourceGroups/webapps/providers/Microsoft.Web/serverfarms/plan-free-eastus",
            "app_settings": {},
            "auth_settings": [
              {
                "active_directory": [],
                "additional_login_params": {},
                "allowed_external_redirect_urls": [],
                "default_provider": "",
                "enabled": false,
                "facebook": [],
                "google": [],
                "issuer": "",
                "microsoft": [],
                "runtime_version": "",
                "token_refresh_extension_hours": 0,
                "token_store_enabled": false,
                "twitter": [],
                "unauthenticated_client_action": ""
              }
            ],
            "backup": [],
            "client_affinity_enabled": true,
            "client_cert_enabled": false,
            "connection_string": [],
            "default_site_hostname": "webapp-txgz3dki-eastus.azurewebsites.net",
            "enabled": true,
            "https_only": false,
            "id": "/subscriptions/bb1fc0b9-b4b7-4dba-a8db-d8b6e3e439d7/resourceGroups/webapps/providers/Microsoft.Web/sites/webapp-txgz3dki-eastus",
            "identity": [],
            "location": "eastus",
            "logs": [
              {
                "application_logs": [
                  {
                    "azure_blob_storage": []
                  }
                ],
                "http_logs": [
                  {
                    "azure_blob_storage": [],
                    "file_system": []
                  }
                ]
              }
            ],
            "name": "webapp-txgz3dki-eastus",
            "outbound_ip_addresses": "40.71.11.134,40.117.215.11,40.76.9.115,13.68.199.96,40.117.113.125",
            "possible_outbound_ip_addresses": "40.71.11.134,40.117.215.11,40.76.9.115,13.68.199.96,40.117.113.125,40.114.121.56,13.68.202.75,40.76.0.204,40.76.10.230,40.76.27.228",
            "resource_group_name": "webapps",
            "site_config": [
              {
                "always_on": false,
                "app_command_line": "",
                "cors": [],
                "default_documents": [
                  "Default.htm",
                  "Default.html",
                  "Default.asp",
                  "index.htm",
                  "index.html",
                  "iisstart.htm",
                  "default.aspx",
                  "index.php",
                  "hostingstart.html"
                ],
                "dotnet_framework_version": "v4.0",
                "ftps_state": "AllAllowed",
                "http2_enabled": false,
                "ip_restriction": [],
                "java_container": "",
                "java_container_version": "",
                "java_version": "",
                "linux_fx_version": "",
                "local_mysql_enabled": false,
                "managed_pipeline_mode": "Integrated",
                "min_tls_version": "1.2",
                "php_version": "",
                "python_version": "",
                "remote_debugging_enabled": false,
                "remote_debugging_version": "",
                "scm_type": "None",
                "use_32_bit_worker_process": true,
                "virtual_network_name": "",
                "websockets_enabled": false,
                "windows_fx_version": ""
              }
            ],
            "site_credential": [
              {
                "password": "dwbtigjFfCtkDN0a98CJf5REcJvqbC6gZakfoKtL1HpwxwH9uad5QEPpwTtj",
                "username": "$webapp-txgz3dki-eastus"
              }
            ],
            "source_control": [
              {
                "branch": "master",
                "repo_url": ""
              }
            ],
            "storage_account": [],
            "tags": {
              "env": "training",
              "source": "citadel"
            }
          },
          "private": "bnVsbA==",
          "depends_on": [
            "azurerm_app_service_plan.free",
            "azurerm_resource_group.webapps",
            "random_string.webapprnd"
          ]
        }
      ]
    },
    {
      "mode": "managed",
      "type": "azurerm_app_service_plan",
      "name": "free",
      "provider": "provider.azurerm",
      "instances": [
        {
          "schema_version": 0,
          "attributes": {
            "app_service_environment_id": null,
            "id": "/subscriptions/bb1fc0b9-b4b7-4dba-a8db-d8b6e3e439d7/resourceGroups/webapps/providers/Microsoft.Web/serverfarms/plan-free-eastus",
            "is_xenon": false,
            "kind": "linux",
            "location": "eastus",
            "maximum_elastic_worker_count": 1,
            "maximum_number_of_workers": 1,
            "name": "plan-free-eastus",
            "per_site_scaling": false,
            "properties": [
              {
                "app_service_environment_id": "",
                "per_site_scaling": false,
                "reserved": true
              }
            ],
            "reserved": true,
            "resource_group_name": "webapps",
            "sku": [
              {
                "capacity": 1,
                "size": "F1",
                "tier": "Free"
              }
            ],
            "tags": {
              "env": "training",
              "source": "citadel"
            }
          },
          "private": "bnVsbA==",
          "depends_on": [
            "azurerm_resource_group.webapps"
          ]
        }
      ]
    },
    {
      "mode": "managed",
      "type": "azurerm_network_security_group",
      "name": "nic_ubuntu",
      "provider": "provider.azurerm",
      "instances": [
        {
          "schema_version": 0,
          "attributes": {
            "id": "/subscriptions/bb1fc0b9-b4b7-4dba-a8db-d8b6e3e439d7/resourceGroups/NSGs/providers/Microsoft.Network/networkSecurityGroups/NIC_Ubuntu",
            "location": "eastus",
            "name": "NIC_Ubuntu",
            "resource_group_name": "NSGs",
            "security_rule": [
              {
                "access": "Allow",
                "description": "",
                "destination_address_prefix": "*",
                "destination_address_prefixes": [],
                "destination_application_security_group_ids": [],
                "destination_port_range": "22",
                "destination_port_ranges": [],
                "direction": "Inbound",
                "name": "SSH",
                "priority": 100,
                "protocol": "Tcp",
                "source_address_prefix": "*",
                "source_address_prefixes": [],
                "source_application_security_group_ids": [],
                "source_port_range": "*",
                "source_port_ranges": []
              }
            ],
            "tags": {
              "env": "training",
              "source": "citadel"
            }
          },
          "private": "bnVsbA==",
          "depends_on": [
            "azurerm_resource_group.nsgs"
          ]
        }
      ]
    },
    {
      "mode": "managed",
      "type": "azurerm_network_security_group",
      "name": "nic_windows",
      "provider": "provider.azurerm",
      "instances": [
        {
          "schema_version": 0,
          "attributes": {
            "id": "/subscriptions/bb1fc0b9-b4b7-4dba-a8db-d8b6e3e439d7/resourceGroups/NSGs/providers/Microsoft.Network/networkSecurityGroups/NIC_Windows",
            "location": "eastus",
            "name": "NIC_Windows",
            "resource_group_name": "NSGs",
            "security_rule": [
              {
                "access": "Allow",
                "description": "",
                "destination_address_prefix": "*",
                "destination_address_prefixes": [],
                "destination_application_security_group_ids": [],
                "destination_port_range": "3389",
                "destination_port_ranges": [],
                "direction": "Inbound",
                "name": "RDP",
                "priority": 100,
                "protocol": "Tcp",
                "source_address_prefix": "*",
                "source_address_prefixes": [],
                "source_application_security_group_ids": [],
                "source_port_range": "*",
                "source_port_ranges": []
              }
            ],
            "tags": {
              "env": "training",
              "source": "citadel"
            }
          },
          "private": "bnVsbA==",
          "depends_on": [
            "azurerm_resource_group.nsgs"
          ]
        }
      ]
    },
    {
      "mode": "managed",
      "type": "azurerm_network_security_group",
      "name": "resource_group_default",
      "provider": "provider.azurerm",
      "instances": [
        {
          "schema_version": 0,
          "attributes": {
            "id": "/subscriptions/bb1fc0b9-b4b7-4dba-a8db-d8b6e3e439d7/resourceGroups/NSGs/providers/Microsoft.Network/networkSecurityGroups/ResourceGroupDefault",
            "location": "eastus",
            "name": "ResourceGroupDefault",
            "resource_group_name": "NSGs",
            "security_rule": [],
            "tags": {
              "env": "training",
              "source": "citadel"
            }
          },
          "private": "bnVsbA==",
          "depends_on": [
            "azurerm_resource_group.nsgs"
          ]
        }
      ]
    },
    {
      "mode": "managed",
      "type": "azurerm_public_ip",
      "name": "vpnGatewayPublicIp",
      "provider": "provider.azurerm",
      "instances": [
        {
          "schema_version": 0,
          "attributes": {
            "allocation_method": "Dynamic",
            "domain_name_label": null,
            "fqdn": null,
            "id": "/subscriptions/bb1fc0b9-b4b7-4dba-a8db-d8b6e3e439d7/resourceGroups/core/providers/Microsoft.Network/publicIPAddresses/vpnGatewayPublicIp",
            "idle_timeout_in_minutes": 4,
            "ip_address": "",
            "ip_version": "IPv4",
            "location": "eastus",
            "name": "vpnGatewayPublicIp",
            "public_ip_address_allocation": "Dynamic",
            "public_ip_prefix_id": null,
            "resource_group_name": "core",
            "reverse_fqdn": null,
            "sku": "Basic",
            "tags": {
              "env": "training",
              "source": "citadel"
            },
            "zones": null
          },
          "private": "bnVsbA==",
          "depends_on": [
            "azurerm_resource_group.core"
          ]
        }
      ]
    },
    {
      "mode": "managed",
      "type": "azurerm_resource_group",
      "name": "core",
      "provider": "provider.azurerm",
      "instances": [
        {
          "schema_version": 0,
          "attributes": {
            "id": "/subscriptions/bb1fc0b9-b4b7-4dba-a8db-d8b6e3e439d7/resourceGroups/core",
            "location": "eastus",
            "name": "core",
            "tags": {
              "env": "training",
              "source": "citadel"
            }
          },
          "private": "bnVsbA=="
        }
      ]
    },
    {
      "mode": "managed",
      "type": "azurerm_resource_group",
      "name": "nsgs",
      "provider": "provider.azurerm",
      "instances": [
        {
          "schema_version": 0,
          "attributes": {
            "id": "/subscriptions/bb1fc0b9-b4b7-4dba-a8db-d8b6e3e439d7/resourceGroups/NSGs",
            "location": "eastus",
            "name": "NSGs",
            "tags": {
              "env": "training",
              "source": "citadel"
            }
          },
          "private": "bnVsbA=="
        }
      ]
    },
    {
      "mode": "managed",
      "type": "azurerm_resource_group",
      "name": "webapps",
      "provider": "provider.azurerm",
      "instances": [
        {
          "schema_version": 0,
          "attributes": {
            "id": "/subscriptions/bb1fc0b9-b4b7-4dba-a8db-d8b6e3e439d7/resourceGroups/webapps",
            "location": "eastus",
            "name": "webapps",
            "tags": {
              "env": "training",
              "source": "citadel"
            }
          },
          "private": "bnVsbA=="
        }
      ]
    },
    {
      "mode": "managed",
      "type": "azurerm_subnet",
      "name": "GatewaySubnet",
      "provider": "provider.azurerm",
      "instances": [
        {
          "schema_version": 0,
          "attributes": {
            "address_prefix": "10.0.0.0/24",
            "delegation": [],
            "id": "/subscriptions/bb1fc0b9-b4b7-4dba-a8db-d8b6e3e439d7/resourceGroups/core/providers/Microsoft.Network/virtualNetworks/core/subnets/GatewaySubnet",
            "ip_configurations": [],
            "name": "GatewaySubnet",
            "network_security_group_id": "",
            "resource_group_name": "core",
            "route_table_id": "",
            "service_endpoints": null,
            "virtual_network_name": "core"
          },
          "private": "bnVsbA==",
          "depends_on": [
            "azurerm_resource_group.core",
            "azurerm_virtual_network.core"
          ]
        }
      ]
    },
    {
      "mode": "managed",
      "type": "azurerm_subnet",
      "name": "dev",
      "provider": "provider.azurerm",
      "instances": [
        {
          "schema_version": 0,
          "attributes": {
            "address_prefix": "10.0.2.0/24",
            "delegation": [],
            "id": "/subscriptions/bb1fc0b9-b4b7-4dba-a8db-d8b6e3e439d7/resourceGroups/core/providers/Microsoft.Network/virtualNetworks/core/subnets/dev",
            "ip_configurations": [],
            "name": "dev",
            "network_security_group_id": "",
            "resource_group_name": "core",
            "route_table_id": "",
            "service_endpoints": null,
            "virtual_network_name": "core"
          },
          "private": "bnVsbA==",
          "depends_on": [
            "azurerm_resource_group.core",
            "azurerm_virtual_network.core"
          ]
        }
      ]
    },
    {
      "mode": "managed",
      "type": "azurerm_subnet",
      "name": "training",
      "provider": "provider.azurerm",
      "instances": [
        {
          "schema_version": 0,
          "attributes": {
            "address_prefix": "10.0.1.0/24",
            "delegation": [],
            "id": "/subscriptions/bb1fc0b9-b4b7-4dba-a8db-d8b6e3e439d7/resourceGroups/core/providers/Microsoft.Network/virtualNetworks/core/subnets/training",
            "ip_configurations": [],
            "name": "training",
            "network_security_group_id": "",
            "resource_group_name": "core",
            "route_table_id": "",
            "service_endpoints": null,
            "virtual_network_name": "core"
          },
          "private": "bnVsbA==",
          "depends_on": [
            "azurerm_resource_group.core",
            "azurerm_virtual_network.core"
          ]
        }
      ]
    },
    {
      "mode": "managed",
      "type": "azurerm_virtual_network",
      "name": "core",
      "provider": "provider.azurerm",
      "instances": [
        {
          "schema_version": 0,
          "attributes": {
            "address_space": [
              "10.0.0.0/16"
            ],
            "ddos_protection_plan": [],
            "dns_servers": [
              "1.1.1.1",
              "1.0.0.1"
            ],
            "id": "/subscriptions/bb1fc0b9-b4b7-4dba-a8db-d8b6e3e439d7/resourceGroups/core/providers/Microsoft.Network/virtualNetworks/core",
            "location": "eastus",
            "name": "core",
            "resource_group_name": "core",
            "subnet": [],
            "tags": {
              "env": "training",
              "source": "citadel"
            }
          },
          "private": "bnVsbA==",
          "depends_on": [
            "azurerm_resource_group.core"
          ]
        }
      ]
    },
    {
      "mode": "managed",
      "type": "random_string",
      "name": "webapprnd",
      "provider": "provider.random",
      "instances": [
        {
          "schema_version": 1,
          "attributes": {
            "id": "txgz3dki",
            "keepers": null,
            "length": 8,
            "lower": true,
            "min_lower": 0,
            "min_numeric": 0,
            "min_special": 0,
            "min_upper": 0,
            "number": true,
            "override_special": null,
            "result": "txgz3dki",
            "special": false,
            "upper": false
          },
          "private": "eyJzY2hlbWFfdmVyc2lvbiI6IjEifQ=="
        }
      ]
    }
  ]
}
